
Microsoft Visual Studio Solution File, Format Version 12.00
# Visual Studio 15
VisualStudioVersion = 15.0.28307.1321
MinimumVisualStudioVersion = 10.0.40219.1
Project("{FAE04EC0-301F-11D3-BF4B-00C04F79EFBC}") = "E-TicaretProje", "E-TicaretProje\E-TicaretProje.csproj", "{24E818ED-7653-4638-BF75-CEAC1801EB83}"
EndProject
Project("{F184B08F-C81C-45F6-A57F-5ABD9991F28F}") = "ClassLibrary1", "ClassLibrary1\ClassLibrary1.vbproj", "{4E2A5F97-9B3E-4C25-AEB6-7D65B9179A93}"
EndProject
Global
	GlobalSection(SolutionConfigurationPlatforms) = preSolution
		Debug|Any CPU = Debug|Any CPU
		Release|Any CPU = Release|Any CPU
	EndGlobalSection
	GlobalSection(ProjectConfigurationPlatforms) = postSolution
		{24E818ED-7653-4638-BF75-CEAC1801EB83}.Debug|Any CPU.ActiveCfg = Debug|Any CPU
		{24E818ED-7653-4638-BF75-CEAC1801EB83}.Debug|Any CPU.Build.0 = Debug|Any CPU
		{24E818ED-7653-4638-BF75-CEAC1801EB83}.Release|Any CPU.ActiveCfg = Release|Any CPU
		{24E818ED-7653-4638-BF75-CEAC1801EB83}.Release|Any CPU.Build.0 = Release|Any CPU
		{4E2A5F97-9B3E-4C25-AEB6-7D65B9179A93}.Debug|Any CPU.ActiveCfg = Debug|Any CPU
		{4E2A5F97-9B3E-4C25-AEB6-7D65B9179A93}.Debug|Any CPU.Build.0 = Debug|Any CPU
		{4E2A5F97-9B3E-4C25-AEB6-7D65B9179A93}.Release|Any CPU.ActiveCfg = Release|Any CPU
		{4E2A5F97-9B3E-4C25-AEB6-7D65B9179A93}.Release|Any CPU.Build.0 = Release|Any CPU
	EndGlobalSection
	GlobalSection(SolutionProperties) = preSolution
		HideSolutionNode = FALSE
	EndGlobalSection
	GlobalSection(ExtensibilityGlobals) = postSolution
		SolutionGuid = {1310FD32-EAF7-45AB-ABBF-1086CD61DEC8}
	EndGlobalSection
EndGlobal
